version = 1
revision = 2
requires-python = ">=3.13"

[[package]]
name = "maturin"
version = "1.9.2"
source = { registry = "https://pypi.org/simple" }
sdist = { url = "https://files.pythonhosted.org/packages/b1/b5/8d9843ba4d2a107ea83499d0fb6758d6d9376a3e2202dbcc5ffa972e2e4a/maturin-1.9.2.tar.gz", hash = "sha256:8b534d3a8acb922fc7a01ec89c12ba950dccdc11b57457c1d4c2661ae24bf96d", size = 211836, upload-time = "2025-07-27T19:18:26.089Z" }
wheels = [
    { url = "https://files.pythonhosted.org/packages/71/db/f20d4ccdfac063bde8c502d6bc6fae10c41ac8e2b1eadbce75ee706d5050/maturin-1.9.2-py3-none-linux_armv6l.whl", hash = "sha256:8f5d448b58c67ba8ef62c066ca02cf154557f2df20791d63e392e08e7721a03b", size = 8271893, upload-time = "2025-07-27T19:18:02.749Z" },
    { url = "https://files.pythonhosted.org/packages/10/c7/abfc2320a5e03d4c9d69bfa1c222f376f44c07374ed7c4c777b75099d265/maturin-1.9.2-py3-none-macosx_10_12_x86_64.macosx_11_0_arm64.macosx_10_12_universal2.whl", hash = "sha256:8dc091e8d98a9f7b8740b151f79685f43f305aa5ec444dbb3e49cacc036eb991", size = 16083703, upload-time = "2025-07-27T19:18:05.857Z" },
    { url = "https://files.pythonhosted.org/packages/c0/8c/2bde4220b74cb3ccf85cd1d8bd69493810540b079690624de0e4539bfa70/maturin-1.9.2-py3-none-macosx_10_12_x86_64.whl", hash = "sha256:ee768507f25da3ae8e18d2fb2e430a44552b3192a40d3ab1eae3f4a67f5792b5", size = 8423450, upload-time = "2025-07-27T19:18:07.885Z" },
    { url = "https://files.pythonhosted.org/packages/39/2c/eccb9705470ac331feb5887293348be3d6a04f37cd611ee2cd2e78339a47/maturin-1.9.2-py3-none-manylinux_2_12_i686.manylinux2010_i686.musllinux_1_1_i686.whl", hash = "sha256:b7dc9a38089bbd1ac93d9046a9db14a41d011efdb7d6059bb557ebd97ab207e7", size = 8267146, upload-time = "2025-07-27T19:18:09.887Z" },
    { url = "https://files.pythonhosted.org/packages/dc/40/90f43c8334e7a498817188728f758f628a2c2250ab8dcd062ce184303668/maturin-1.9.2-py3-none-manylinux_2_12_x86_64.manylinux2010_x86_64.musllinux_1_1_x86_64.whl", hash = "sha256:234b8cb12f14173452d71293c7ec86998b2d1c9f247b66023aa8b306d288817c", size = 8792134, upload-time = "2025-07-27T19:18:11.871Z" },
    { url = "https://files.pythonhosted.org/packages/70/44/94d50a59311c9a41af88d96be7d074190d1908709876b1c9b136fb65141b/maturin-1.9.2-py3-none-manylinux_2_17_aarch64.manylinux2014_aarch64.musllinux_1_1_aarch64.whl", hash = "sha256:0fe1480ac341b9ca733fdbf16a499fd2771e797819de416b5a47846ed0f8a17d", size = 8071546, upload-time = "2025-07-27T19:18:13.91Z" },
    { url = "https://files.pythonhosted.org/packages/f3/8b/3a45dc1dbe4561658923b86a50bb6413bc0e9e56fd5d0f5293c7919dc4c7/maturin-1.9.2-py3-none-manylinux_2_17_armv7l.manylinux2014_armv7l.musllinux_1_1_armv7l.whl", hash = "sha256:029572e692af5bac4f58586f294883732b14d41abb3ba83a587a9c68c6824a2a", size = 8132544, upload-time = "2025-07-27T19:18:15.72Z" },
    { url = "https://files.pythonhosted.org/packages/93/f2/56c78ebd3d305a0912b5043b53bbdb627a2d3e2bb027e5e19305fe0ae557/maturin-1.9.2-py3-none-manylinux_2_17_ppc64le.manylinux2014_ppc64le.musllinux_1_1_ppc64le.whl", hash = "sha256:58d69b388e52e93f43d25429afccaf4d1b04bb94606d46ddb21f7a97003ec174", size = 10616860, upload-time = "2025-07-27T19:18:17.478Z" },
    { url = "https://files.pythonhosted.org/packages/d3/ab/77c5ef78b069c4a3bda175eafa922537bccebe038735f165ed1a04220748/maturin-1.9.2-py3-none-manylinux_2_17_s390x.manylinux2014_s390x.whl", hash = "sha256:09750de66dce2ae04ad3ac7df1266dfe77abdcf84b7b6cbe43a41cd7e89cf958", size = 8939318, upload-time = "2025-07-27T19:18:19.097Z" },
    { url = "https://files.pythonhosted.org/packages/63/f8/1897ecf4b0115b8df71011d8be3f5aa3a6dde47366d724c064fdb40fa357/maturin-1.9.2-py3-none-win32.whl", hash = "sha256:b2b12e88f5e3145cc4d749a1fb8958a83842f647c459112e9a8d75285521798f", size = 7276436, upload-time = "2025-07-27T19:18:21.318Z" },
    { url = "https://files.pythonhosted.org/packages/14/4f/437d363c4ee97bd9b88d68ff432067aaf07b10ffa0fa0bad3329d2567919/maturin-1.9.2-py3-none-win_amd64.whl", hash = "sha256:1df15e896b3a05396a91ec2e60295bd70075f984736b8c84e8b14941bcba40c8", size = 8283346, upload-time = "2025-07-27T19:18:22.652Z" },
    { url = "https://files.pythonhosted.org/packages/60/04/946552db9cfa831cee2df1bf3c857b06a8ed04f63ded9a3692dd6f88bdee/maturin-1.9.2-py3-none-win_arm64.whl", hash = "sha256:95a08e849fda883e1a961218b7834af6f128eb9fc9ace4b90b65031da6028251", size = 6942238, upload-time = "2025-07-27T19:18:24.432Z" },
]

[[package]]
name = "mm1"
version = "0.1.0"
source = { virtual = "." }
dependencies = [
    { name = "maturin" },
]

[package.metadata]
requires-dist = [{ name = "maturin", specifier = ">=1.9.2" }]
